
Microsoft Visual Studio Solution File, Format Version 12.00
# Visual Studio Version 17
VisualStudioVersion = 17.14.36414.22
MinimumVisualStudioVersion = 10.0.40219.1
Project("{FAE04EC0-301F-11D3-BF4B-00C04F79EFBC}") = "PhonePadTest", "PhonePadTest.csproj", "{1996D3A5-92AF-4105-9D3C-FD7A0519E0C5}"
EndProject
Project("{FAE04EC0-301F-11D3-BF4B-00C04F79EFBC}") = "UnitTest", "UnitTest\UnitTest.csproj", "{7056D2F3-1454-4A14-9DAB-4CAEAACDBAAC}"
EndProject
Global
	GlobalSection(SolutionConfigurationPlatforms) = preSolution
		Debug|Any CPU = Debug|Any CPU
		Release|Any CPU = Release|Any CPU
	EndGlobalSection
	GlobalSection(ProjectConfigurationPlatforms) = postSolution
		{1996D3A5-92AF-4105-9D3C-FD7A0519E0C5}.Debug|Any CPU.ActiveCfg = Debug|Any CPU
		{1996D3A5-92AF-4105-9D3C-FD7A0519E0C5}.Debug|Any CPU.Build.0 = Debug|Any CPU
		{1996D3A5-92AF-4105-9D3C-FD7A0519E0C5}.Release|Any CPU.ActiveCfg = Release|Any CPU
		{1996D3A5-92AF-4105-9D3C-FD7A0519E0C5}.Release|Any CPU.Build.0 = Release|Any CPU
		{7056D2F3-1454-4A14-9DAB-4CAEAACDBAAC}.Debug|Any CPU.ActiveCfg = Debug|Any CPU
		{7056D2F3-1454-4A14-9DAB-4CAEAACDBAAC}.Debug|Any CPU.Build.0 = Debug|Any CPU
		{7056D2F3-1454-4A14-9DAB-4CAEAACDBAAC}.Release|Any CPU.ActiveCfg = Release|Any CPU
		{7056D2F3-1454-4A14-9DAB-4CAEAACDBAAC}.Release|Any CPU.Build.0 = Release|Any CPU
	EndGlobalSection
	GlobalSection(SolutionProperties) = preSolution
		HideSolutionNode = FALSE
	EndGlobalSection
	GlobalSection(ExtensibilityGlobals) = postSolution
		SolutionGuid = {44686FCE-9C54-4B28-B4D8-3BDE9DE91CCA}
	EndGlobalSection
EndGlobal
